
Microsoft Visual Studio Solution File, Format Version 12.00
# Visual Studio Version 17
VisualStudioVersion = 17.7.34024.191
MinimumVisualStudioVersion = 10.0.40219.1
Project("{FAE04EC0-301F-11D3-BF4B-00C04F79EFBC}") = "PatrondosApuntadores_VerifyAlienDictionart", "PatrondosApuntadores_VerifyAlienDictionart.csproj", "{BEB60A49-1476-4424-96C3-C4CBCF786A0E}"
EndProject
Global
	GlobalSection(SolutionConfigurationPlatforms) = preSolution
		Debug|Any CPU = Debug|Any CPU
		Release|Any CPU = Release|Any CPU
	EndGlobalSection
	GlobalSection(ProjectConfigurationPlatforms) = postSolution
		{BEB60A49-1476-4424-96C3-C4CBCF786A0E}.Debug|Any CPU.ActiveCfg = Debug|Any CPU
		{BEB60A49-1476-4424-96C3-C4CBCF786A0E}.Debug|Any CPU.Build.0 = Debug|Any CPU
		{BEB60A49-1476-4424-96C3-C4CBCF786A0E}.Release|Any CPU.ActiveCfg = Release|Any CPU
		{BEB60A49-1476-4424-96C3-C4CBCF786A0E}.Release|Any CPU.Build.0 = Release|Any CPU
	EndGlobalSection
	GlobalSection(SolutionProperties) = preSolution
		HideSolutionNode = FALSE
	EndGlobalSection
	GlobalSection(ExtensibilityGlobals) = postSolution
		SolutionGuid = {B7B8A3C1-B54E-4A92-989B-D63B24DCE73E}
	EndGlobalSection
EndGlobal
